
Microsoft Visual Studio Solution File, Format Version 12.00
# Visual Studio Version 16
VisualStudioVersion = 16.0.30114.105
MinimumVisualStudioVersion = 10.0.40219.1
Project("{FAE04EC0-301F-11D3-BF4B-00C04F79EFBC}") = "ProjetoAtleta", "ProjetoAtleta\ProjetoAtleta.csproj", "{45970918-BB26-432F-AE56-3B00DE9FB3FF}"
EndProject
Global
	GlobalSection(SolutionConfigurationPlatforms) = preSolution
		Debug|Any CPU = Debug|Any CPU
		Release|Any CPU = Release|Any CPU
	EndGlobalSection
	GlobalSection(ProjectConfigurationPlatforms) = postSolution
		{45970918-BB26-432F-AE56-3B00DE9FB3FF}.Debug|Any CPU.ActiveCfg = Debug|Any CPU
		{45970918-BB26-432F-AE56-3B00DE9FB3FF}.Debug|Any CPU.Build.0 = Debug|Any CPU
		{45970918-BB26-432F-AE56-3B00DE9FB3FF}.Release|Any CPU.ActiveCfg = Release|Any CPU
		{45970918-BB26-432F-AE56-3B00DE9FB3FF}.Release|Any CPU.Build.0 = Release|Any CPU
	EndGlobalSection
	GlobalSection(SolutionProperties) = preSolution
		HideSolutionNode = FALSE
	EndGlobalSection
	GlobalSection(ExtensibilityGlobals) = postSolution
		SolutionGuid = {7E13D259-F9A3-4930-BE3E-2021FF80E492}
	EndGlobalSection
EndGlobal
